{
    "_readme": [
        "This file locks the dependencies of your project to a known state",
        "Read more about it at https://getcomposer.org/doc/01-basic-usage.md#installing-dependencies",
        "This file is @generated automatically"
    ],
    "content-hash": "0dd0dcc077cb9fe04a4e58bf999856b3",
    "packages": [
        {
            "name": "dibi/dibi",
            "version": "v5.0.0",
            "source": {
                "type": "git",
                "url": "https://github.com/dg/dibi.git",
                "reference": "82c45c30763d1f3932907fea46ff27a594d7ba7e"
            },
            "dist": {
                "type": "zip",
                "url": "https://api.github.com/repos/dg/dibi/zipball/82c45c30763d1f3932907fea46ff27a594d7ba7e",
                "reference": "82c45c30763d1f3932907fea46ff27a594d7ba7e",
                "shasum": ""
            },
            "require": {
                "php": "8.0 - 8.3"
            },
            "replace": {
                "dg/dibi": "*"
            },
            "require-dev": {
                "nette/di": "^3.1",
                "nette/tester": "^2.5",
                "phpstan/phpstan": "^1.0",
                "tracy/tracy": "^2.9"
            },
            "type": "library",
            "extra": {
                "branch-alias": {
                    "dev-master": "5.0-dev"
                }
            },
            "autoload": {
                "classmap": [
                    "src/"
                ]
            },
            "notification-url": "https://packagist.org/downloads/",
            "license": [
                "BSD-3-Clause",
                "GPL-2.0-only",
                "GPL-3.0-only"
            ],
            "authors": [
                {
                    "name": "David Grudl",
                    "homepage": "https://davidgrudl.com"
                }
            ],
            "description": "Dibi is Database Abstraction Library for PHP",
            "homepage": "https://dibiphp.com",
            "keywords": [
                "access",
                "database",
                "dbal",
                "mssql",
                "mysql",
                "odbc",
                "oracle",
                "pdo",
                "postgresql",
                "sqlite",
                "sqlsrv"
            ],
            "support": {
                "issues": "https://github.com/dg/dibi/issues",
                "source": "https://github.com/dg/dibi/tree/v5.0.0"
            },
            "time": "2023-08-09T14:38:02+00:00"
        }
    ],
    "packages-dev": [],
    "aliases": [],
    "minimum-stability": "stable",
    "stability-flags": [],
    "prefer-stable": false,
    "prefer-lowest": false,
    "platform": [],
    "platform-dev": [],
    "plugin-api-version": "2.3.0"
}
